
Microsoft Visual Studio Solution File, Format Version 12.00
# Visual Studio Express 2012 for Windows Desktop
Project("{FAE04EC0-301F-11D3-BF4B-00C04F79EFBC}") = "ConsoleHelloWorld", "ConsoleHelloWorld\ConsoleHelloWorld.csproj", "{8CD11232-F020-44A7-9A96-7BDBD80B8A24}"
EndProject
Global
	GlobalSection(SolutionConfigurationPlatforms) = preSolution
		Debug|Any CPU = Debug|Any CPU
		Release|Any CPU = Release|Any CPU
	EndGlobalSection
	GlobalSection(ProjectConfigurationPlatforms) = postSolution
		{8CD11232-F020-44A7-9A96-7BDBD80B8A24}.Debug|Any CPU.ActiveCfg = Debug|Any CPU
		{8CD11232-F020-44A7-9A96-7BDBD80B8A24}.Debug|Any CPU.Build.0 = Debug|Any CPU
		{8CD11232-F020-44A7-9A96-7BDBD80B8A24}.Release|Any CPU.ActiveCfg = Release|Any CPU
		{8CD11232-F020-44A7-9A96-7BDBD80B8A24}.Release|Any CPU.Build.0 = Release|Any CPU
	EndGlobalSection
	GlobalSection(SolutionProperties) = preSolution
		HideSolutionNode = FALSE
	EndGlobalSection
EndGlobal
